
Microsoft Visual Studio Solution File, Format Version 12.00
# Visual Studio 15
VisualStudioVersion = 15.0.28010.0
MinimumVisualStudioVersion = 10.0.40219.1
Project("{FAE04EC0-301F-11D3-BF4B-00C04F79EFBC}") = "ClickBoat", "ClickBoat\ClickBoat.csproj", "{D891ACA0-4477-4FED-8A64-13F10EB9E940}"
EndProject
Global
	GlobalSection(SolutionConfigurationPlatforms) = preSolution
		Debug|Any CPU = Debug|Any CPU
		Release|Any CPU = Release|Any CPU
	EndGlobalSection
	GlobalSection(ProjectConfigurationPlatforms) = postSolution
		{D891ACA0-4477-4FED-8A64-13F10EB9E940}.Debug|Any CPU.ActiveCfg = Debug|Any CPU
		{D891ACA0-4477-4FED-8A64-13F10EB9E940}.Debug|Any CPU.Build.0 = Debug|Any CPU
		{D891ACA0-4477-4FED-8A64-13F10EB9E940}.Release|Any CPU.ActiveCfg = Release|Any CPU
		{D891ACA0-4477-4FED-8A64-13F10EB9E940}.Release|Any CPU.Build.0 = Release|Any CPU
	EndGlobalSection
	GlobalSection(SolutionProperties) = preSolution
		HideSolutionNode = FALSE
	EndGlobalSection
	GlobalSection(ExtensibilityGlobals) = postSolution
		SolutionGuid = {C1A81F44-CE61-4AA1-96B5-B0AF979F9431}
	EndGlobalSection
EndGlobal
